// !$*UTF8*$!
{
	archiveVersion = 1;
	classes = {
	};
	objectVersion = 46;
	objects = {

/* Begin PBXBuildFile section */
		F8974E531B825F3500D26AAF /* AppDelegate.swift in Sources */ = {isa = PBXBuildFile; fileRef = F8974E521B825F3500D26AAF /* AppDelegate.swift */; };
		F8974E551B825F3500D26AAF /* ViewController.swift in Sources */ = {isa = PBXBuildFile; fileRef = F8974E541B825F3500D26AAF /* ViewController.swift */; };
		F8974E581B825F3500D26AAF /* Main.storyboard in Resources */ = {isa = PBXBuildFile; fileRef = F8974E561B825F3500D26AAF /* Main.storyboard */; };
		F8974E5A1B825F3500D26AAF /* Images.xcassets in Resources */ = {isa = PBXBuildFile; fileRef = F8974E591B825F3500D26AAF /* Images.xcassets */; };
		F8974E5D1B825F3500D26AAF /* LaunchScreen.xib in Resources */ = {isa = PBXBuildFile; fileRef = F8974E5B1B825F3500D26AAF /* LaunchScreen.xib */; };
		F8974E691B825F3500D26AAF /* Pitch_PerfectTests.swift in Sources */ = {isa = PBXBuildFile; fileRef = F8974E681B825F3500D26AAF /* Pitch_PerfectTests.swift */; };
/* End PBXBuildFile section */

/* Begin PBXContainerItemProxy section */
		F8974E631B825F3500D26AAF /* PBXContainerItemProxy */ = {
			isa = PBXContainerItemProxy;
			containerPortal = F8974E451B825F3500D26AAF /* Project object */;
			proxyType = 1;
			remoteGlobalIDString = F8974E4C1B825F3500D26AAF;
			remoteInfo = "Pitch Perfect";
		};
/* End PBXContainerItemProxy section */

/* Begin PBXFileReference section */
		F8974E4D1B825F3500D26AAF /* Pitch Perfect.app */ = {isa = PBXFileReference; explicitFileType = wrapper.application; includeInIndex = 0; path = "Pitch Perfect.app"; sourceTree = BUILT_PRODUCTS_DIR; };
		F8974E511B825F3500D26AAF /* Info.plist */ = {isa = PBXFileReference; lastKnownFileType = text.plist.xml; path = Info.plist; sourceTree = "<group>"; };
		F8974E521B825F3500D26AAF /* AppDelegate.swift */ = {isa = PBXFileReference; lastKnownFileType = sourcecode.swift; path = AppDelegate.swift; sourceTree = "<group>"; };
		F8974E541B825F3500D26AAF /* ViewController.swift */ = {isa = PBXFileReference; lastKnownFileType = sourcecode.swift; path = ViewController.swift; sourceTree = "<group>"; };
		F8974E571B825F3500D26AAF /* Base */ = {isa = PBXFileReference; lastKnownFileType = file.storyboard; name = Base; path = Base.lproj/Main.storyboard; sourceTree = "<group>"; };
		F8974E591B825F3500D26AAF /* Images.xcassets */ = {isa = PBXFileReference; lastKnownFileType = folder.assetcatalog; path = Images.xcassets; sourceTree = "<group>"; };
		F8974E5C1B825F3500D26AAF /* Base */ = {isa = PBXFileReference; lastKnownFileType = file.xib; name = Base; path = Base.lproj/LaunchScreen.xib; sourceTree = "<group>"; };
		F8974E621B825F3500D26AAF /* Pitch PerfectTests.xctest */ = {isa = PBXFileReference; explicitFileType = wrapper.cfbundle; includeInIndex = 0; path = "Pitch PerfectTests.xctest"; sourceTree = BUILT_PRODUCTS_DIR; };
		F8974E671B825F3500D26AAF /* Info.plist */ = {isa = PBXFileReference; lastKnownFileType = text.plist.xml; path = Info.plist; sourceTree = "<group>"; };
		F8974E681B825F3500D26AAF /* Pitch_PerfectTests.swift */ = {isa = PBXFileReference; lastKnownFileType = sourcecode.swift; path = Pitch_PerfectTests.swift; sourceTree = "<group>"; };
/* End PBXFileReference section */

/* Begin PBXFrameworksBuildPhase section */
		F8974E4A1B825F3500D26AAF /* Frameworks */ = {
			isa = PBXFrameworksBuildPhase;
			buildActionMask = 2147483647;
			files = (
			);
			runOnlyForDeploymentPostprocessing = 0;
		};
		F8974E5F1B825F3500D26AAF /* Frameworks */ = {
			isa = PBXFrameworksBuildPhase;
			buildActionMask = 2147483647;
			files = (
			);
			runOnlyForDeploymentPostprocessing = 0;
		};
/* End PBXFrameworksBuildPhase section */

/* Begin PBXGroup section */
		F8974E441B825F3500D26AAF = {
			isa = PBXGroup;
			children = (
				F8974E4F1B825F3500D26AAF /* Pitch Perfect */,
				F8974E651B825F3500D26AAF /* Pitch PerfectTests */,
				F8974E4E1B825F3500D26AAF /* Products */,
			);
			sourceTree = "<group>";
		};
		F8974E4E1B825F3500D26AAF /* Products */ = {
			isa = PBXGroup;
			children = (
				F8974E4D1B825F3500D26AAF /* Pitch Perfect.app */,
				F8974E621B825F3500D26AAF /* Pitch PerfectTests.xctest */,
			);
			name = Products;
			sourceTree = "<group>";
		};
		F8974E4F1B825F3500D26AAF /* Pitch Perfect */ = {
			isa = PBXGroup;
			children = (
				F8974E521B825F3500D26AAF /* AppDelegate.swift */,
				F8974E541B825F3500D26AAF /* ViewController.swift */,
				F8974E561B825F3500D26AAF /* Main.storyboard */,
				F8974E591B825F3500D26AAF /* Images.xcassets */,
				F8974E5B1B825F3500D26AAF /* LaunchScreen.xib */,
				F8974E501B825F3500D26AAF /* Supporting Files */,
			);
			path = "Pitch Perfect";
			sourceTree = "<group>";
		};
		F8974E501B825F3500D26AAF /* Supporting Files */ = {
			isa = PBXGroup;
			children = (
				F8974E511B825F3500D26AAF /* Info.plist */,
			);
			name = "Supporting Files";
			sourceTree = "<group>";
		};
		F8974E651B825F3500D26AAF /* Pitch PerfectTests */ = {
			isa = PBXGroup;
			children = (
				F8974E681B825F3500D26AAF /* Pitch_PerfectTests.swift */,
				F8974E661B825F3500D26AAF /* Supporting Files */,
			);
			path = "Pitch PerfectTests";
			sourceTree = "<group>";
		};
		F8974E661B825F3500D26AAF /* Supporting Files */ = {
			isa = PBXGroup;
			children = (
				F8974E671B825F3500D26AAF /* Info.plist */,
			);
			name = "Supporting Files";
			sourceTree = "<group>";
		};
/* End PBXGroup section */

/* Begin PBXNativeTarget section */
		F8974E4C1B825F3500D26AAF /* Pitch Perfect */ = {
			isa = PBXNativeTarget;
			buildConfigurationList = F8974E6C1B825F3500D26AAF /* Build configuration list for PBXNativeTarget "Pitch Perfect" */;
			buildPhases = (
				F8974E491B825F3500D26AAF /* Sources */,
				F8974E4A1B825F3500D26AAF /* Frameworks */,
				F8974E4B1B825F3500D26AAF /* Resources */,
			);
			buildRules = (
			);
			dependencies = (
			);
			name = "Pitch Perfect";
			productName = "Pitch Perfect";
			productReference = F8974E4D1B825F3500D26AAF /* Pitch Perfect.app */;
			productType = "com.apple.product-type.application";
		};
		F8974E611B825F3500D26AAF /* Pitch PerfectTests */ = {
			isa = PBXNativeTarget;
			buildConfigurationList = F8974E6F1B825F3500D26AAF /* Build configuration list for PBXNativeTarget "Pitch PerfectTests" */;
			buildPhases = (
				F8974E5E1B825F3500D26AAF /* Sources */,
				F8974E5F1B825F3500D26AAF /* Frameworks */,
				F8974E601B825F3500D26AAF /* Resources */,
			);
			buildRules = (
			);
			dependencies = (
				F8974E641B825F3500D26AAF /* PBXTargetDependency */,
			);
			name = "Pitch PerfectTests";
			productName = "Pitch PerfectTests";
			productReference = F8974E621B825F3500D26AAF /* Pitch PerfectTests.xctest */;
			productType = "com.apple.product-type.bundle.unit-test";
		};
/* End PBXNativeTarget section */

/* Begin PBXProject section */
		F8974E451B825F3500D26AAF /* Project object */ = {
			isa = PBXProject;
			attributes = {
				LastUpgradeCheck = 0640;
				ORGANIZATIONNAME = "Donnie Wang";
				TargetAttributes = {
					F8974E4C1B825F3500D26AAF = {
						CreatedOnToolsVersion = 6.4;
					};
					F8974E611B825F3500D26AAF = {
						CreatedOnToolsVersion = 6.4;
						TestTargetID = F8974E4C1B825F3500D26AAF;
					};
				};
			};
			buildConfigurationList = F8974E481B825F3500D26AAF /* Build configuration list for PBXProject "Pitch Perfect" */;
			compatibilityVersion = "Xcode 3.2";
			developmentRegion = English;
			hasScannedForEncodings = 0;
			knownRegions = (
				en,
				Base,
			);
			mainGroup = F8974E441B825F3500D26AAF;
			productRefGroup = F8974E4E1B825F3500D26AAF /* Products */;
			projectDirPath = "";
			projectRoot = "";
			targets = (
				F8974E4C1B825F3500D26AAF /* Pitch Perfect */,
				F8974E611B825F3500D26AAF /* Pitch PerfectTests */,
			);
		};
/* End PBXProject section */

/* Begin PBXResourcesBuildPhase section */
		F8974E4B1B825F3500D26AAF /* Resources */ = {
			isa = PBXResourcesBuildPhase;
			buildActionMask = 2147483647;
			files = (
				F8974E581B825F3500D26AAF /* Main.storyboard in Resources */,
				F8974E5D1B825F3500D26AAF /* LaunchScreen.xib in Resources */,
				F8974E5A1B825F3500D26AAF /* Images.xcassets in Resources */,
			);
			runOnlyForDeploymentPostprocessing = 0;
		};
		F8974E601B825F3500D26AAF /* Resources */ = {
			isa = PBXResourcesBuildPhase;
			buildActionMask = 2147483647;
			files = (
			);
			runOnlyForDeploymentPostprocessing = 0;
		};
/* End PBXResourcesBuildPhase section */

/* Begin PBXSourcesBuildPhase section */
		F8974E491B825F3500D26AAF /* Sources */ = {
			isa = PBXSourcesBuildPhase;
			buildActionMask = 2147483647;
			files = (
				F8974E551B825F3500D26AAF /* ViewController.swift in Sources */,
				F8974E531B825F3500D26AAF /* AppDelegate.swift in Sources */,
			);
			runOnlyForDeploymentPostprocessing = 0;
		};
		F8974E5E1B825F3500D26AAF /* Sources */ = {
			isa = PBXSourcesBuildPhase;
			buildActionMask = 2147483647;
			files = (
				F8974E691B825F3500D26AAF /* Pitch_PerfectTests.swift in Sources */,
			);
			runOnlyForDeploymentPostprocessing = 0;
		};
/* End PBXSourcesBuildPhase section */

/* Begin PBXTargetDependency section */
		F8974E641B825F3500D26AAF /* PBXTargetDependency */ = {
			isa = PBXTargetDependency;
			target = F8974E4C1B825F3500D26AAF /* Pitch Perfect */;
			targetProxy = F8974E631B825F3500D26AAF /* PBXContainerItemProxy */;
		};
/* End PBXTargetDependency section */

/* Begin PBXVariantGroup section */
		F8974E561B825F3500D26AAF /* Main.storyboard */ = {
			isa = PBXVariantGroup;
			children = (
				F8974E571B825F3500D26AAF /* Base */,
			);
			name = Main.storyboard;
			sourceTree = "<group>";
		};
		F8974E5B1B825F3500D26AAF /* LaunchScreen.xib */ = {
			isa = PBXVariantGroup;
			children = (
				F8974E5C1B825F3500D26AAF /* Base */,
			);
			name = LaunchScreen.xib;
			sourceTree = "<group>";
		};
/* End PBXVariantGroup section */

/* Begin XCBuildConfiguration section */
		F8974E6A1B825F3500D26AAF /* Debug */ = {
			isa = XCBuildConfiguration;
			buildSettings = {
				ALWAYS_SEARCH_USER_PATHS = NO;
				CLANG_CXX_LANGUAGE_STANDARD = "gnu++0x";
				CLANG_CXX_LIBRARY = "libc++";
				CLANG_ENABLE_MODULES = YES;
				CLANG_ENABLE_OBJC_ARC = YES;
				CLANG_WARN_BOOL_CONVERSION = YES;
				CLANG_WARN_CONSTANT_CONVERSION = YES;
				CLANG_WARN_DIRECT_OBJC_ISA_USAGE = YES_ERROR;
				CLANG_WARN_EMPTY_BODY = YES;
				CLANG_WARN_ENUM_CONVERSION = YES;
				CLANG_WARN_INT_CONVERSION = YES;
				CLANG_WARN_OBJC_ROOT_CLASS = YES_ERROR;
				CLANG_WARN_UNREACHABLE_CODE = YES;
				CLANG_WARN__DUPLICATE_METHOD_MATCH = YES;
				"CODE_SIGN_IDENTITY[sdk=iphoneos*]" = "iPhone Developer";
				COPY_PHASE_STRIP = NO;
				DEBUG_INFORMATION_FORMAT = "dwarf-with-dsym";
				ENABLE_STRICT_OBJC_MSGSEND = YES;
				GCC_C_LANGUAGE_STANDARD = gnu99;
				GCC_DYNAMIC_NO_PIC = NO;
				GCC_NO_COMMON_BLOCKS = YES;
				GCC_OPTIMIZATION_LEVEL = 0;
				GCC_PREPROCESSOR_DEFINITIONS = (
					"DEBUG=1",
					"$(inherited)",
				);
				GCC_SYMBOLS_PRIVATE_EXTERN = NO;
				GCC_WARN_64_TO_32_BIT_CONVERSION = YES;
				GCC_WARN_ABOUT_RETURN_TYPE = YES_ERROR;
				GCC_WARN_UNDECLARED_SELECTOR = YES;
				GCC_WARN_UNINITIALIZED_AUTOS = YES_AGGRESSIVE;
				GCC_WARN_UNUSED_FUNCTION = YES;
				GCC_WARN_UNUSED_VARIABLE = YES;
				IPHONEOS_DEPLOYMENT_TARGET = 8.4;
				MTL_ENABLE_DEBUG_INFO = YES;
				ONLY_ACTIVE_ARCH = YES;
				SDKROOT = iphoneos;
				SWIFT_OPTIMIZATION_LEVEL = "-Onone";
			};
			name = Debug;
		};
		F8974E6B1B825F3500D26AAF /* Release */ = {
			isa = XCBuildConfiguration;
			buildSettings = {
				ALWAYS_SEARCH_USER_PATHS = NO;
				CLANG_CXX_LANGUAGE_STANDARD = "gnu++0x";
				CLANG_CXX_LIBRARY = "libc++";
				CLANG_ENABLE_MODULES = YES;
				CLANG_ENABLE_OBJC_ARC = YES;
				CLANG_WARN_BOOL_CONVERSION = YES;
				CLANG_WARN_CONSTANT_CONVERSION = YES;
				CLANG_WARN_DIRECT_OBJC_ISA_USAGE = YES_ERROR;
				CLANG_WARN_EMPTY_BODY = YES;
				CLANG_WARN_ENUM_CONVERSION = YES;
				CLANG_WARN_INT_CONVERSION = YES;
				CLANG_WARN_OBJC_ROOT_CLASS = YES_ERROR;
				CLANG_WARN_UNREACHABLE_CODE = YES;
				CLANG_WARN__DUPLICATE_METHOD_MATCH = YES;
				"CODE_SIGN_IDENTITY[sdk=iphoneos*]" = "iPhone Developer";
				COPY_PHASE_STRIP = NO;
				DEBUG_INFORMATION_FORMAT = "dwarf-with-dsym";
				ENABLE_NS_ASSERTIONS = NO;
				ENABLE_STRICT_OBJC_MSGSEND = YES;
				GCC_C_LANGUAGE_STANDARD = gnu99;
				GCC_NO_COMMON_BLOCKS = YES;
				GCC_WARN_64_TO_32_BIT_CONVERSION = YES;
				GCC_WARN_ABOUT_RETURN_TYPE = YES_ERROR;
				GCC_WARN_UNDECLARED_SELECTOR = YES;
				GCC_WARN_UNINITIALIZED_AUTOS = YES_AGGRESSIVE;
				GCC_WARN_UNUSED_FUNCTION = YES;
				GCC_WARN_UNUSED_VARIABLE = YES;
				IPHONEOS_DEPLOYMENT_TARGET = 8.4;
				MTL_ENABLE_DEBUG_INFO = NO;
				SDKROOT = iphoneos;
				VALIDATE_PRODUCT = YES;
			};
			name = Release;
		};
		F8974E6D1B825F3500D26AAF /* Debug */ = {
			isa = XCBuildConfiguration;
			buildSettings = {
				ASSETCATALOG_COMPILER_APPICON_NAME = AppIcon;
				INFOPLIST_FILE = "Pitch Perfect/Info.plist";
				LD_RUNPATH_SEARCH_PATHS = "$(inherited) @executable_path/Frameworks";
				PRODUCT_NAME = "$(TARGET_NAME)";
			};
			name = Debug;
		};
		F8974E6E1B825F3500D26AAF /* Release */ = {
			isa = XCBuildConfiguration;
			buildSettings = {
				ASSETCATALOG_COMPILER_APPICON_NAME = AppIcon;
				INFOPLIST_FILE = "Pitch Perfect/Info.plist";
				LD_RUNPATH_SEARCH_PATHS = "$(inherited) @executable_path/Frameworks";
				PRODUCT_NAME = "$(TARGET_NAME)";
			};
			name = Release;
		};
		F8974E701B825F3500D26AAF /* Debug */ = {
			isa = XCBuildConfiguration;
			buildSettings = {
				BUNDLE_LOADER = "$(TEST_HOST)";
				FRAMEWORK_SEARCH_PATHS = (
					"$(SDKROOT)/Developer/Library/Frameworks",
					"$(inherited)",
				);
				GCC_PREPROCESSOR_DEFINITIONS = (
					"DEBUG=1",
					"$(inherited)",
				);
				INFOPLIST_FILE = "Pitch PerfectTests/Info.plist";
				LD_RUNPATH_SEARCH_PATHS = "$(inherited) @executable_path/Frameworks @loader_path/Frameworks";
				PRODUCT_NAME = "$(TARGET_NAME)";
				TEST_HOST = "$(BUILT_PRODUCTS_DIR)/Pitch Perfect.app/Pitch Perfect";
			};
			name = Debug;
		};
		F8974E711B825F3500D26AAF /* Release */ = {
			isa = XCBuildConfiguration;
			buildSettings = {
				BUNDLE_LOADER = "$(TEST_HOST)";
				FRAMEWORK_SEARCH_PATHS = (
					"$(SDKROOT)/Developer/Library/Frameworks",
					"$(inherited)",
				);
				INFOPLIST_FILE = "Pitch PerfectTests/Info.plist";
				LD_RUNPATH_SEARCH_PATHS = "$(inherited) @executable_path/Frameworks @loader_path/Frameworks";
				PRODUCT_NAME = "$(TARGET_NAME)";
				TEST_HOST = "$(BUILT_PRODUCTS_DIR)/Pitch Perfect.app/Pitch Perfect";
			};
			name = Release;
		};
/* End XCBuildConfiguration section */

/* Begin XCConfigurationList section */
		F8974E481B825F3500D26AAF /* Build configuration list for PBXProject "Pitch Perfect" */ = {
			isa = XCConfigurationList;
			buildConfigurations = (
				F8974E6A1B825F3500D26AAF /* Debug */,
				F8974E6B1B825F3500D26AAF /* Release */,
			);
			defaultConfigurationIsVisible = 0;
			defaultConfigurationName = Release;
		};
		F8974E6C1B825F3500D26AAF /* Build configuration list for PBXNativeTarget "Pitch Perfect" */ = {
			isa = XCConfigurationList;
			buildConfigurations = (
				F8974E6D1B825F3500D26AAF /* Debug */,
				F8974E6E1B825F3500D26AAF /* Release */,
			);
			defaultConfigurationIsVisible = 0;
		};
		F8974E6F1B825F3500D26AAF /* Build configuration list for PBXNativeTarget "Pitch PerfectTests" */ = {
			isa = XCConfigurationList;
			buildConfigurations = (
				F8974E701B825F3500D26AAF /* Debug */,
				F8974E711B825F3500D26AAF /* Release */,
			);
			defaultConfigurationIsVisible = 0;
		};
/* End XCConfigurationList section */
	};
	rootObject = F8974E451B825F3500D26AAF /* Project object */;
}
